// !$*UTF8*$!
{
	archiveVersion = 1;
	classes = {
	};
	objectVersion = 46;
	objects = {

/* Begin PBXBuildFile section */
		7402E3101E1B4D3A0048FEF8 /* search@2x.png in Resources */ = {isa = PBXBuildFile; fileRef = 7402E30D1E1B4D3A0048FEF8 /* search@2x.png */; };
		7402E3111E1B4D3A0048FEF8 /* search@3x.png in Resources */ = {isa = PBXBuildFile; fileRef = 7402E30E1E1B4D3A0048FEF8 /* search@3x.png */; };
		7402E3121E1B4D3A0048FEF8 /* trash@2x.png in Resources */ = {isa = PBXBuildFile; fileRef = 7402E30F1E1B4D3A0048FEF8 /* trash@2x.png */; };
		7402E3161E1B8AB70048FEF8 /* HistoryView.xib in Resources */ = {isa = PBXBuildFile; fileRef = 7402E3151E1B8AB70048FEF8 /* HistoryView.xib */; };
		746B33EE1E1A693600AAF5A9 /* AppDelegate.swift in Sources */ = {isa = PBXBuildFile; fileRef = 746B33ED1E1A693600AAF5A9 /* AppDelegate.swift */; };
		746B33F01E1A693600AAF5A9 /* ViewController.swift in Sources */ = {isa = PBXBuildFile; fileRef = 746B33EF1E1A693600AAF5A9 /* ViewController.swift */; };
		746B33F31E1A693600AAF5A9 /* Main.storyboard in Resources */ = {isa = PBXBuildFile; fileRef = 746B33F11E1A693600AAF5A9 /* Main.storyboard */; };
		746B33F51E1A693600AAF5A9 /* Assets.xcassets in Resources */ = {isa = PBXBuildFile; fileRef = 746B33F41E1A693600AAF5A9 /* Assets.xcassets */; };
		746B33F81E1A693600AAF5A9 /* LaunchScreen.storyboard in Resources */ = {isa = PBXBuildFile; fileRef = 746B33F61E1A693600AAF5A9 /* LaunchScreen.storyboard */; };
		746B34001E1A696300AAF5A9 /* SearchViewKit.swift in Sources */ = {isa = PBXBuildFile; fileRef = 746B33FF1E1A696300AAF5A9 /* SearchViewKit.swift */; };
/* End PBXBuildFile section */

/* Begin PBXFileReference section */
		7402E30D1E1B4D3A0048FEF8 /* search@2x.png */ = {isa = PBXFileReference; lastKnownFileType = image.png; path = "search@2x.png"; sourceTree = "<group>"; };
		7402E30E1E1B4D3A0048FEF8 /* search@3x.png */ = {isa = PBXFileReference; lastKnownFileType = image.png; path = "search@3x.png"; sourceTree = "<group>"; };
		7402E30F1E1B4D3A0048FEF8 /* trash@2x.png */ = {isa = PBXFileReference; lastKnownFileType = image.png; path = "trash@2x.png"; sourceTree = "<group>"; };
		7402E3151E1B8AB70048FEF8 /* HistoryView.xib */ = {isa = PBXFileReference; fileEncoding = 4; lastKnownFileType = file.xib; path = HistoryView.xib; sourceTree = "<group>"; };
		746B33EA1E1A693600AAF5A9 /* SearchViewKit.app */ = {isa = PBXFileReference; explicitFileType = wrapper.application; includeInIndex = 0; path = SearchViewKit.app; sourceTree = BUILT_PRODUCTS_DIR; };
		746B33ED1E1A693600AAF5A9 /* AppDelegate.swift */ = {isa = PBXFileReference; lastKnownFileType = sourcecode.swift; path = AppDelegate.swift; sourceTree = "<group>"; };
		746B33EF1E1A693600AAF5A9 /* ViewController.swift */ = {isa = PBXFileReference; lastKnownFileType = sourcecode.swift; path = ViewController.swift; sourceTree = "<group>"; };
		746B33F21E1A693600AAF5A9 /* Base */ = {isa = PBXFileReference; lastKnownFileType = file.storyboard; name = Base; path = Base.lproj/Main.storyboard; sourceTree = "<group>"; };
		746B33F41E1A693600AAF5A9 /* Assets.xcassets */ = {isa = PBXFileReference; lastKnownFileType = folder.assetcatalog; path = Assets.xcassets; sourceTree = "<group>"; };
		746B33F71E1A693600AAF5A9 /* Base */ = {isa = PBXFileReference; lastKnownFileType = file.storyboard; name = Base; path = Base.lproj/LaunchScreen.storyboard; sourceTree = "<group>"; };
		746B33F91E1A693600AAF5A9 /* Info.plist */ = {isa = PBXFileReference; lastKnownFileType = text.plist.xml; path = Info.plist; sourceTree = "<group>"; };
		746B33FF1E1A696300AAF5A9 /* SearchViewKit.swift */ = {isa = PBXFileReference; fileEncoding = 4; lastKnownFileType = sourcecode.swift; path = SearchViewKit.swift; sourceTree = "<group>"; };
/* End PBXFileReference section */

/* Begin PBXFrameworksBuildPhase section */
		746B33E71E1A693600AAF5A9 /* Frameworks */ = {
			isa = PBXFrameworksBuildPhase;
			buildActionMask = 2147483647;
			files = (
			);
			runOnlyForDeploymentPostprocessing = 0;
		};
/* End PBXFrameworksBuildPhase section */

/* Begin PBXGroup section */
		7402E2FD1E1B40930048FEF8 /* class */ = {
			isa = PBXGroup;
			children = (
				7402E30C1E1B4D200048FEF8 /* images */,
				746B33FF1E1A696300AAF5A9 /* SearchViewKit.swift */,
				7402E3151E1B8AB70048FEF8 /* HistoryView.xib */,
			);
			path = class;
			sourceTree = "<group>";
		};
		7402E30C1E1B4D200048FEF8 /* images */ = {
			isa = PBXGroup;
			children = (
				7402E30D1E1B4D3A0048FEF8 /* search@2x.png */,
				7402E30E1E1B4D3A0048FEF8 /* search@3x.png */,
				7402E30F1E1B4D3A0048FEF8 /* trash@2x.png */,
			);
			path = images;
			sourceTree = "<group>";
		};
		746B33E11E1A693500AAF5A9 = {
			isa = PBXGroup;
			children = (
				746B33EC1E1A693600AAF5A9 /* SearchViewKit */,
				746B33EB1E1A693600AAF5A9 /* Products */,
			);
			sourceTree = "<group>";
		};
		746B33EB1E1A693600AAF5A9 /* Products */ = {
			isa = PBXGroup;
			children = (
				746B33EA1E1A693600AAF5A9 /* SearchViewKit.app */,
			);
			name = Products;
			sourceTree = "<group>";
		};
		746B33EC1E1A693600AAF5A9 /* SearchViewKit */ = {
			isa = PBXGroup;
			children = (
				7402E2FD1E1B40930048FEF8 /* class */,
				746B33ED1E1A693600AAF5A9 /* AppDelegate.swift */,
				746B33EF1E1A693600AAF5A9 /* ViewController.swift */,
				746B33F11E1A693600AAF5A9 /* Main.storyboard */,
				746B33F41E1A693600AAF5A9 /* Assets.xcassets */,
				746B33F61E1A693600AAF5A9 /* LaunchScreen.storyboard */,
				746B33F91E1A693600AAF5A9 /* Info.plist */,
			);
			path = SearchViewKit;
			sourceTree = "<group>";
		};
/* End PBXGroup section */

/* Begin PBXNativeTarget section */
		746B33E91E1A693600AAF5A9 /* SearchViewKit */ = {
			isa = PBXNativeTarget;
			buildConfigurationList = 746B33FC1E1A693600AAF5A9 /* Build configuration list for PBXNativeTarget "SearchViewKit" */;
			buildPhases = (
				746B33E61E1A693600AAF5A9 /* Sources */,
				746B33E71E1A693600AAF5A9 /* Frameworks */,
				746B33E81E1A693600AAF5A9 /* Resources */,
			);
			buildRules = (
			);
			dependencies = (
			);
			name = SearchViewKit;
			productName = SearchKit;
			productReference = 746B33EA1E1A693600AAF5A9 /* SearchViewKit.app */;
			productType = "com.apple.product-type.application";
		};
/* End PBXNativeTarget section */

/* Begin PBXProject section */
		746B33E21E1A693500AAF5A9 /* Project object */ = {
			isa = PBXProject;
			attributes = {
				LastSwiftUpdateCheck = 0820;
				LastUpgradeCheck = 0820;
				ORGANIZATIONNAME = Mr.Chen;
				TargetAttributes = {
					746B33E91E1A693600AAF5A9 = {
						CreatedOnToolsVersion = 8.2.1;
						DevelopmentTeam = 6QEB559EPD;
						ProvisioningStyle = Automatic;
					};
				};
			};
			buildConfigurationList = 746B33E51E1A693500AAF5A9 /* Build configuration list for PBXProject "SearchViewKit" */;
			compatibilityVersion = "Xcode 3.2";
			developmentRegion = English;
			hasScannedForEncodings = 0;
			knownRegions = (
				en,
				Base,
			);
			mainGroup = 746B33E11E1A693500AAF5A9;
			productRefGroup = 746B33EB1E1A693600AAF5A9 /* Products */;
			projectDirPath = "";
			projectRoot = "";
			targets = (
				746B33E91E1A693600AAF5A9 /* SearchViewKit */,
			);
		};
/* End PBXProject section */

/* Begin PBXResourcesBuildPhase section */
		746B33E81E1A693600AAF5A9 /* Resources */ = {
			isa = PBXResourcesBuildPhase;
			buildActionMask = 2147483647;
			files = (
				7402E3101E1B4D3A0048FEF8 /* search@2x.png in Resources */,
				746B33F81E1A693600AAF5A9 /* LaunchScreen.storyboard in Resources */,
				746B33F51E1A693600AAF5A9 /* Assets.xcassets in Resources */,
				7402E3161E1B8AB70048FEF8 /* HistoryView.xib in Resources */,
				7402E3111E1B4D3A0048FEF8 /* search@3x.png in Resources */,
				746B33F31E1A693600AAF5A9 /* Main.storyboard in Resources */,
				7402E3121E1B4D3A0048FEF8 /* trash@2x.png in Resources */,
			);
			runOnlyForDeploymentPostprocessing = 0;
		};
/* End PBXResourcesBuildPhase section */

/* Begin PBXSourcesBuildPhase section */
		746B33E61E1A693600AAF5A9 /* Sources */ = {
			isa = PBXSourcesBuildPhase;
			buildActionMask = 2147483647;
			files = (
				746B33F01E1A693600AAF5A9 /* ViewController.swift in Sources */,
				746B33EE1E1A693600AAF5A9 /* AppDelegate.swift in Sources */,
				746B34001E1A696300AAF5A9 /* SearchViewKit.swift in Sources */,
			);
			runOnlyForDeploymentPostprocessing = 0;
		};
/* End PBXSourcesBuildPhase section */

/* Begin PBXVariantGroup section */
		746B33F11E1A693600AAF5A9 /* Main.storyboard */ = {
			isa = PBXVariantGroup;
			children = (
				746B33F21E1A693600AAF5A9 /* Base */,
			);
			name = Main.storyboard;
			sourceTree = "<group>";
		};
		746B33F61E1A693600AAF5A9 /* LaunchScreen.storyboard */ = {
			isa = PBXVariantGroup;
			children = (
				746B33F71E1A693600AAF5A9 /* Base */,
			);
			name = LaunchScreen.storyboard;
			sourceTree = "<group>";
		};
/* End PBXVariantGroup section */

/* Begin XCBuildConfiguration section */
		746B33FA1E1A693600AAF5A9 /* Debug */ = {
			isa = XCBuildConfiguration;
			buildSettings = {
				ALWAYS_SEARCH_USER_PATHS = NO;
				CLANG_ANALYZER_NONNULL = YES;
				CLANG_CXX_LANGUAGE_STANDARD = "gnu++0x";
				CLANG_CXX_LIBRARY = "libc++";
				CLANG_ENABLE_MODULES = YES;
				CLANG_ENABLE_OBJC_ARC = YES;
				CLANG_WARN_BOOL_CONVERSION = YES;
				CLANG_WARN_CONSTANT_CONVERSION = YES;
				CLANG_WARN_DIRECT_OBJC_ISA_USAGE = YES_ERROR;
				CLANG_WARN_DOCUMENTATION_COMMENTS = YES;
				CLANG_WARN_EMPTY_BODY = YES;
				CLANG_WARN_ENUM_CONVERSION = YES;
				CLANG_WARN_INFINITE_RECURSION = YES;
				CLANG_WARN_INT_CONVERSION = YES;
				CLANG_WARN_OBJC_ROOT_CLASS = YES_ERROR;
				CLANG_WARN_SUSPICIOUS_MOVE = YES;
				CLANG_WARN_UNREACHABLE_CODE = YES;
				CLANG_WARN__DUPLICATE_METHOD_MATCH = YES;
				"CODE_SIGN_IDENTITY[sdk=iphoneos*]" = "iPhone Developer";
				COPY_PHASE_STRIP = NO;
				DEBUG_INFORMATION_FORMAT = dwarf;
				ENABLE_STRICT_OBJC_MSGSEND = YES;
				ENABLE_TESTABILITY = YES;
				GCC_C_LANGUAGE_STANDARD = gnu99;
				GCC_DYNAMIC_NO_PIC = NO;
				GCC_NO_COMMON_BLOCKS = YES;
				GCC_OPTIMIZATION_LEVEL = 0;
				GCC_PREPROCESSOR_DEFINITIONS = (
					"DEBUG=1",
					"$(inherited)",
				);
				GCC_WARN_64_TO_32_BIT_CONVERSION = YES;
				GCC_WARN_ABOUT_RETURN_TYPE = YES_ERROR;
				GCC_WARN_UNDECLARED_SELECTOR = YES;
				GCC_WARN_UNINITIALIZED_AUTOS = YES_AGGRESSIVE;
				GCC_WARN_UNUSED_FUNCTION = YES;
				GCC_WARN_UNUSED_VARIABLE = YES;
				IPHONEOS_DEPLOYMENT_TARGET = 10.2;
				MTL_ENABLE_DEBUG_INFO = YES;
				ONLY_ACTIVE_ARCH = YES;
				SDKROOT = iphoneos;
				SWIFT_ACTIVE_COMPILATION_CONDITIONS = DEBUG;
				SWIFT_OPTIMIZATION_LEVEL = "-Onone";
				TARGETED_DEVICE_FAMILY = "1,2";
			};
			name = Debug;
		};
		746B33FB1E1A693600AAF5A9 /* Release */ = {
			isa = XCBuildConfiguration;
			buildSettings = {
				ALWAYS_SEARCH_USER_PATHS = NO;
				CLANG_ANALYZER_NONNULL = YES;
				CLANG_CXX_LANGUAGE_STANDARD = "gnu++0x";
				CLANG_CXX_LIBRARY = "libc++";
				CLANG_ENABLE_MODULES = YES;
				CLANG_ENABLE_OBJC_ARC = YES;
				CLANG_WARN_BOOL_CONVERSION = YES;
				CLANG_WARN_CONSTANT_CONVERSION = YES;
				CLANG_WARN_DIRECT_OBJC_ISA_USAGE = YES_ERROR;
				CLANG_WARN_DOCUMENTATION_COMMENTS = YES;
				CLANG_WARN_EMPTY_BODY = YES;
				CLANG_WARN_ENUM_CONVERSION = YES;
				CLANG_WARN_INFINITE_RECURSION = YES;
				CLANG_WARN_INT_CONVERSION = YES;
				CLANG_WARN_OBJC_ROOT_CLASS = YES_ERROR;
				CLANG_WARN_SUSPICIOUS_MOVE = YES;
				CLANG_WARN_UNREACHABLE_CODE = YES;
				CLANG_WARN__DUPLICATE_METHOD_MATCH = YES;
				"CODE_SIGN_IDENTITY[sdk=iphoneos*]" = "iPhone Developer";
				COPY_PHASE_STRIP = NO;
				DEBUG_INFORMATION_FORMAT = "dwarf-with-dsym";
				ENABLE_NS_ASSERTIONS = NO;
				ENABLE_STRICT_OBJC_MSGSEND = YES;
				GCC_C_LANGUAGE_STANDARD = gnu99;
				GCC_NO_COMMON_BLOCKS = YES;
				GCC_WARN_64_TO_32_BIT_CONVERSION = YES;
				GCC_WARN_ABOUT_RETURN_TYPE = YES_ERROR;
				GCC_WARN_UNDECLARED_SELECTOR = YES;
				GCC_WARN_UNINITIALIZED_AUTOS = YES_AGGRESSIVE;
				GCC_WARN_UNUSED_FUNCTION = YES;
				GCC_WARN_UNUSED_VARIABLE = YES;
				IPHONEOS_DEPLOYMENT_TARGET = 10.2;
				MTL_ENABLE_DEBUG_INFO = NO;
				SDKROOT = iphoneos;
				SWIFT_OPTIMIZATION_LEVEL = "-Owholemodule";
				TARGETED_DEVICE_FAMILY = "1,2";
				VALIDATE_PRODUCT = YES;
			};
			name = Release;
		};
		746B33FD1E1A693600AAF5A9 /* Debug */ = {
			isa = XCBuildConfiguration;
			buildSettings = {
				ASSETCATALOG_COMPILER_APPICON_NAME = AppIcon;
				"CODE_SIGN_IDENTITY[sdk=iphoneos*]" = "iPhone Developer";
				DEVELOPMENT_TEAM = 6QEB559EPD;
				INFOPLIST_FILE = "$(SRCROOT)/SearchViewKit/Info.plist";
				IPHONEOS_DEPLOYMENT_TARGET = 8.0;
				LD_RUNPATH_SEARCH_PATHS = "$(inherited) @executable_path/Frameworks";
				PRODUCT_BUNDLE_IDENTIFIER = com.Chen.SearchViewKit;
				PRODUCT_NAME = "$(TARGET_NAME)";
				PROVISIONING_PROFILE = "";
				PROVISIONING_PROFILE_SPECIFIER = "";
				SWIFT_VERSION = 3.0;
			};
			name = Debug;
		};
		746B33FE1E1A693600AAF5A9 /* Release */ = {
			isa = XCBuildConfiguration;
			buildSettings = {
				ASSETCATALOG_COMPILER_APPICON_NAME = AppIcon;
				"CODE_SIGN_IDENTITY[sdk=iphoneos*]" = "iPhone Developer";
				DEVELOPMENT_TEAM = 6QEB559EPD;
				INFOPLIST_FILE = "$(SRCROOT)/SearchViewKit/Info.plist";
				IPHONEOS_DEPLOYMENT_TARGET = 8.0;
				LD_RUNPATH_SEARCH_PATHS = "$(inherited) @executable_path/Frameworks";
				PRODUCT_BUNDLE_IDENTIFIER = com.Chen.SearchViewKit;
				PRODUCT_NAME = "$(TARGET_NAME)";
				PROVISIONING_PROFILE = "";
				PROVISIONING_PROFILE_SPECIFIER = "";
				SWIFT_VERSION = 3.0;
			};
			name = Release;
		};
/* End XCBuildConfiguration section */

/* Begin XCConfigurationList section */
		746B33E51E1A693500AAF5A9 /* Build configuration list for PBXProject "SearchViewKit" */ = {
			isa = XCConfigurationList;
			buildConfigurations = (
				746B33FA1E1A693600AAF5A9 /* Debug */,
				746B33FB1E1A693600AAF5A9 /* Release */,
			);
			defaultConfigurationIsVisible = 0;
			defaultConfigurationName = Release;
		};
		746B33FC1E1A693600AAF5A9 /* Build configuration list for PBXNativeTarget "SearchViewKit" */ = {
			isa = XCConfigurationList;
			buildConfigurations = (
				746B33FD1E1A693600AAF5A9 /* Debug */,
				746B33FE1E1A693600AAF5A9 /* Release */,
			);
			defaultConfigurationIsVisible = 0;
			defaultConfigurationName = Release;
		};
/* End XCConfigurationList section */
	};
	rootObject = 746B33E21E1A693500AAF5A9 /* Project object */;
}
